
Microsoft Visual Studio Solution File, Format Version 12.00
# Visual Studio Version 16
VisualStudioVersion = 16.0.29905.134
MinimumVisualStudioVersion = 10.0.40219.1
Project("{FAE04EC0-301F-11D3-BF4B-00C04F79EFBC}") = "ExoBack", "ExoBack.csproj", "{D7639E2F-7A95-48DF-9A1E-A3F19263A438}"
EndProject
Global
	GlobalSection(SolutionConfigurationPlatforms) = preSolution
		Debug|Any CPU = Debug|Any CPU
		Release|Any CPU = Release|Any CPU
	EndGlobalSection
	GlobalSection(ProjectConfigurationPlatforms) = postSolution
		{D7639E2F-7A95-48DF-9A1E-A3F19263A438}.Debug|Any CPU.ActiveCfg = Debug|Any CPU
		{D7639E2F-7A95-48DF-9A1E-A3F19263A438}.Debug|Any CPU.Build.0 = Debug|Any CPU
		{D7639E2F-7A95-48DF-9A1E-A3F19263A438}.Release|Any CPU.ActiveCfg = Release|Any CPU
		{D7639E2F-7A95-48DF-9A1E-A3F19263A438}.Release|Any CPU.Build.0 = Release|Any CPU
	EndGlobalSection
	GlobalSection(SolutionProperties) = preSolution
		HideSolutionNode = FALSE
	EndGlobalSection
	GlobalSection(ExtensibilityGlobals) = postSolution
		SolutionGuid = {EF3BA9F3-3998-483F-BF9F-34CBCF0FC197}
	EndGlobalSection
EndGlobal
